// !$*UTF8*$!
{
	archiveVersion = 1;
	classes = {
	};
	objectVersion = 46;
	objects = {

/* Begin PBXBuildFile section */
		2A5196D11F439965003E846F /* AppDelegate.swift in Sources */ = {isa = PBXBuildFile; fileRef = 2A5196D01F439965003E846F /* AppDelegate.swift */; };
		2A5196D31F439965003E846F /* ViewController.swift in Sources */ = {isa = PBXBuildFile; fileRef = 2A5196D21F439965003E846F /* ViewController.swift */; };
		2A5196D61F439965003E846F /* Main.storyboard in Resources */ = {isa = PBXBuildFile; fileRef = 2A5196D41F439965003E846F /* Main.storyboard */; };
		2A5196D81F439965003E846F /* Assets.xcassets in Resources */ = {isa = PBXBuildFile; fileRef = 2A5196D71F439965003E846F /* Assets.xcassets */; };
		2A5196DB1F439965003E846F /* LaunchScreen.storyboard in Resources */ = {isa = PBXBuildFile; fileRef = 2A5196D91F439965003E846F /* LaunchScreen.storyboard */; };
		2A5196E51F43A10D003E846F /* Mapbox.framework in Frameworks */ = {isa = PBXBuildFile; fileRef = 2A5196E41F43A10D003E846F /* Mapbox.framework */; };
		2A5196E61F43A10D003E846F /* Mapbox.framework in Embed Frameworks */ = {isa = PBXBuildFile; fileRef = 2A5196E41F43A10D003E846F /* Mapbox.framework */; settings = {ATTRIBUTES = (CodeSignOnCopy, RemoveHeadersOnCopy, ); }; };
/* End PBXBuildFile section */

/* Begin PBXCopyFilesBuildPhase section */
		2A5196E71F43A10D003E846F /* Embed Frameworks */ = {
			isa = PBXCopyFilesBuildPhase;
			buildActionMask = 2147483647;
			dstPath = "";
			dstSubfolderSpec = 10;
			files = (
				2A5196E61F43A10D003E846F /* Mapbox.framework in Embed Frameworks */,
			);
			name = "Embed Frameworks";
			runOnlyForDeploymentPostprocessing = 0;
		};
/* End PBXCopyFilesBuildPhase section */

/* Begin PBXFileReference section */
		2A5196CD1F439965003E846F /* MapBoxProject.app */ = {isa = PBXFileReference; explicitFileType = wrapper.application; includeInIndex = 0; path = MapBoxProject.app; sourceTree = BUILT_PRODUCTS_DIR; };
		2A5196D01F439965003E846F /* AppDelegate.swift */ = {isa = PBXFileReference; lastKnownFileType = sourcecode.swift; path = AppDelegate.swift; sourceTree = "<group>"; };
		2A5196D21F439965003E846F /* ViewController.swift */ = {isa = PBXFileReference; lastKnownFileType = sourcecode.swift; path = ViewController.swift; sourceTree = "<group>"; };
		2A5196D51F439965003E846F /* Base */ = {isa = PBXFileReference; lastKnownFileType = file.storyboard; name = Base; path = Base.lproj/Main.storyboard; sourceTree = "<group>"; };
		2A5196D71F439965003E846F /* Assets.xcassets */ = {isa = PBXFileReference; lastKnownFileType = folder.assetcatalog; path = Assets.xcassets; sourceTree = "<group>"; };
		2A5196DA1F439965003E846F /* Base */ = {isa = PBXFileReference; lastKnownFileType = file.storyboard; name = Base; path = Base.lproj/LaunchScreen.storyboard; sourceTree = "<group>"; };
		2A5196DC1F439965003E846F /* Info.plist */ = {isa = PBXFileReference; lastKnownFileType = text.plist.xml; path = Info.plist; sourceTree = "<group>"; };
		2A5196E41F43A10D003E846F /* Mapbox.framework */ = {isa = PBXFileReference; lastKnownFileType = wrapper.framework; path = Mapbox.framework; sourceTree = "<group>"; };
/* End PBXFileReference section */

/* Begin PBXFrameworksBuildPhase section */
		2A5196CA1F439965003E846F /* Frameworks */ = {
			isa = PBXFrameworksBuildPhase;
			buildActionMask = 2147483647;
			files = (
				2A5196E51F43A10D003E846F /* Mapbox.framework in Frameworks */,
			);
			runOnlyForDeploymentPostprocessing = 0;
		};
/* End PBXFrameworksBuildPhase section */

/* Begin PBXGroup section */
		2A5196C41F439965003E846F = {
			isa = PBXGroup;
			children = (
				2A5196E41F43A10D003E846F /* Mapbox.framework */,
				2A5196CF1F439965003E846F /* MapBoxProject */,
				2A5196CE1F439965003E846F /* Products */,
			);
			sourceTree = "<group>";
		};
		2A5196CE1F439965003E846F /* Products */ = {
			isa = PBXGroup;
			children = (
				2A5196CD1F439965003E846F /* MapBoxProject.app */,
			);
			name = Products;
			sourceTree = "<group>";
		};
		2A5196CF1F439965003E846F /* MapBoxProject */ = {
			isa = PBXGroup;
			children = (
				2A5196D01F439965003E846F /* AppDelegate.swift */,
				2A5196D21F439965003E846F /* ViewController.swift */,
				2A5196D41F439965003E846F /* Main.storyboard */,
				2A5196D71F439965003E846F /* Assets.xcassets */,
				2A5196D91F439965003E846F /* LaunchScreen.storyboard */,
				2A5196DC1F439965003E846F /* Info.plist */,
			);
			path = MapBoxProject;
			sourceTree = "<group>";
		};
/* End PBXGroup section */

/* Begin PBXNativeTarget section */
		2A5196CC1F439965003E846F /* MapBoxProject */ = {
			isa = PBXNativeTarget;
			buildConfigurationList = 2A5196DF1F439965003E846F /* Build configuration list for PBXNativeTarget "MapBoxProject" */;
			buildPhases = (
				2A5196C91F439965003E846F /* Sources */,
				2A5196CA1F439965003E846F /* Frameworks */,
				2A5196CB1F439965003E846F /* Resources */,
				2A5196E71F43A10D003E846F /* Embed Frameworks */,
				2A5196E81F43A119003E846F /* ShellScript */,
			);
			buildRules = (
			);
			dependencies = (
			);
			name = MapBoxProject;
			productName = MapBoxProject;
			productReference = 2A5196CD1F439965003E846F /* MapBoxProject.app */;
			productType = "com.apple.product-type.application";
		};
/* End PBXNativeTarget section */

/* Begin PBXProject section */
		2A5196C51F439965003E846F /* Project object */ = {
			isa = PBXProject;
			attributes = {
				LastSwiftUpdateCheck = 0830;
				LastUpgradeCheck = 0830;
				ORGANIZATIONNAME = "Courtney Osborne";
				TargetAttributes = {
					2A5196CC1F439965003E846F = {
						CreatedOnToolsVersion = 8.3.3;
						ProvisioningStyle = Automatic;
					};
				};
			};
			buildConfigurationList = 2A5196C81F439965003E846F /* Build configuration list for PBXProject "MapBoxProject" */;
			compatibilityVersion = "Xcode 3.2";
			developmentRegion = English;
			hasScannedForEncodings = 0;
			knownRegions = (
				en,
				Base,
			);
			mainGroup = 2A5196C41F439965003E846F;
			productRefGroup = 2A5196CE1F439965003E846F /* Products */;
			projectDirPath = "";
			projectRoot = "";
			targets = (
				2A5196CC1F439965003E846F /* MapBoxProject */,
			);
		};
/* End PBXProject section */

/* Begin PBXResourcesBuildPhase section */
		2A5196CB1F439965003E846F /* Resources */ = {
			isa = PBXResourcesBuildPhase;
			buildActionMask = 2147483647;
			files = (
				2A5196DB1F439965003E846F /* LaunchScreen.storyboard in Resources */,
				2A5196D81F439965003E846F /* Assets.xcassets in Resources */,
				2A5196D61F439965003E846F /* Main.storyboard in Resources */,
			);
			runOnlyForDeploymentPostprocessing = 0;
		};
/* End PBXResourcesBuildPhase section */

/* Begin PBXShellScriptBuildPhase section */
		2A5196E81F43A119003E846F /* ShellScript */ = {
			isa = PBXShellScriptBuildPhase;
			buildActionMask = 2147483647;
			files = (
			);
			inputPaths = (
			);
			outputPaths = (
			);
			runOnlyForDeploymentPostprocessing = 0;
			shellPath = /bin/sh;
			shellScript = "bash \"${BUILT_PRODUCTS_DIR}/${FRAMEWORKS_FOLDER_PATH}/Mapbox.framework/strip-frameworks.sh\"";
		};
/* End PBXShellScriptBuildPhase section */

/* Begin PBXSourcesBuildPhase section */
		2A5196C91F439965003E846F /* Sources */ = {
			isa = PBXSourcesBuildPhase;
			buildActionMask = 2147483647;
			files = (
				2A5196D31F439965003E846F /* ViewController.swift in Sources */,
				2A5196D11F439965003E846F /* AppDelegate.swift in Sources */,
			);
			runOnlyForDeploymentPostprocessing = 0;
		};
/* End PBXSourcesBuildPhase section */

/* Begin PBXVariantGroup section */
		2A5196D41F439965003E846F /* Main.storyboard */ = {
			isa = PBXVariantGroup;
			children = (
				2A5196D51F439965003E846F /* Base */,
			);
			name = Main.storyboard;
			sourceTree = "<group>";
		};
		2A5196D91F439965003E846F /* LaunchScreen.storyboard */ = {
			isa = PBXVariantGroup;
			children = (
				2A5196DA1F439965003E846F /* Base */,
			);
			name = LaunchScreen.storyboard;
			sourceTree = "<group>";
		};
/* End PBXVariantGroup section */

/* Begin XCBuildConfiguration section */
		2A5196DD1F439965003E846F /* Debug */ = {
			isa = XCBuildConfiguration;
			buildSettings = {
				ALWAYS_SEARCH_USER_PATHS = NO;
				CLANG_ANALYZER_NONNULL = YES;
				CLANG_ANALYZER_NUMBER_OBJECT_CONVERSION = YES_AGGRESSIVE;
				CLANG_CXX_LANGUAGE_STANDARD = "gnu++0x";
				CLANG_CXX_LIBRARY = "libc++";
				CLANG_ENABLE_MODULES = YES;
				CLANG_ENABLE_OBJC_ARC = YES;
				CLANG_WARN_BOOL_CONVERSION = YES;
				CLANG_WARN_CONSTANT_CONVERSION = YES;
				CLANG_WARN_DIRECT_OBJC_ISA_USAGE = YES_ERROR;
				CLANG_WARN_DOCUMENTATION_COMMENTS = YES;
				CLANG_WARN_EMPTY_BODY = YES;
				CLANG_WARN_ENUM_CONVERSION = YES;
				CLANG_WARN_INFINITE_RECURSION = YES;
				CLANG_WARN_INT_CONVERSION = YES;
				CLANG_WARN_OBJC_ROOT_CLASS = YES_ERROR;
				CLANG_WARN_SUSPICIOUS_MOVE = YES;
				CLANG_WARN_UNREACHABLE_CODE = YES;
				CLANG_WARN__DUPLICATE_METHOD_MATCH = YES;
				"CODE_SIGN_IDENTITY[sdk=iphoneos*]" = "iPhone Developer";
				COPY_PHASE_STRIP = NO;
				DEBUG_INFORMATION_FORMAT = dwarf;
				ENABLE_STRICT_OBJC_MSGSEND = YES;
				ENABLE_TESTABILITY = YES;
				GCC_C_LANGUAGE_STANDARD = gnu99;
				GCC_DYNAMIC_NO_PIC = NO;
				GCC_NO_COMMON_BLOCKS = YES;
				GCC_OPTIMIZATION_LEVEL = 0;
				GCC_PREPROCESSOR_DEFINITIONS = (
					"DEBUG=1",
					"$(inherited)",
				);
				GCC_WARN_64_TO_32_BIT_CONVERSION = YES;
				GCC_WARN_ABOUT_RETURN_TYPE = YES_ERROR;
				GCC_WARN_UNDECLARED_SELECTOR = YES;
				GCC_WARN_UNINITIALIZED_AUTOS = YES_AGGRESSIVE;
				GCC_WARN_UNUSED_FUNCTION = YES;
				GCC_WARN_UNUSED_VARIABLE = YES;
				IPHONEOS_DEPLOYMENT_TARGET = 10.3;
				MTL_ENABLE_DEBUG_INFO = YES;
				ONLY_ACTIVE_ARCH = YES;
				SDKROOT = iphoneos;
				SWIFT_ACTIVE_COMPILATION_CONDITIONS = DEBUG;
				SWIFT_OPTIMIZATION_LEVEL = "-Onone";
				TARGETED_DEVICE_FAMILY = "1,2";
			};
			name = Debug;
		};
		2A5196DE1F439965003E846F /* Release */ = {
			isa = XCBuildConfiguration;
			buildSettings = {
				ALWAYS_SEARCH_USER_PATHS = NO;
				CLANG_ANALYZER_NONNULL = YES;
				CLANG_ANALYZER_NUMBER_OBJECT_CONVERSION = YES_AGGRESSIVE;
				CLANG_CXX_LANGUAGE_STANDARD = "gnu++0x";
				CLANG_CXX_LIBRARY = "libc++";
				CLANG_ENABLE_MODULES = YES;
				CLANG_ENABLE_OBJC_ARC = YES;
				CLANG_WARN_BOOL_CONVERSION = YES;
				CLANG_WARN_CONSTANT_CONVERSION = YES;
				CLANG_WARN_DIRECT_OBJC_ISA_USAGE = YES_ERROR;
				CLANG_WARN_DOCUMENTATION_COMMENTS = YES;
				CLANG_WARN_EMPTY_BODY = YES;
				CLANG_WARN_ENUM_CONVERSION = YES;
				CLANG_WARN_INFINITE_RECURSION = YES;
				CLANG_WARN_INT_CONVERSION = YES;
				CLANG_WARN_OBJC_ROOT_CLASS = YES_ERROR;
				CLANG_WARN_SUSPICIOUS_MOVE = YES;
				CLANG_WARN_UNREACHABLE_CODE = YES;
				CLANG_WARN__DUPLICATE_METHOD_MATCH = YES;
				"CODE_SIGN_IDENTITY[sdk=iphoneos*]" = "iPhone Developer";
				COPY_PHASE_STRIP = NO;
				DEBUG_INFORMATION_FORMAT = "dwarf-with-dsym";
				ENABLE_NS_ASSERTIONS = NO;
				ENABLE_STRICT_OBJC_MSGSEND = YES;
				GCC_C_LANGUAGE_STANDARD = gnu99;
				GCC_NO_COMMON_BLOCKS = YES;
				GCC_WARN_64_TO_32_BIT_CONVERSION = YES;
				GCC_WARN_ABOUT_RETURN_TYPE = YES_ERROR;
				GCC_WARN_UNDECLARED_SELECTOR = YES;
				GCC_WARN_UNINITIALIZED_AUTOS = YES_AGGRESSIVE;
				GCC_WARN_UNUSED_FUNCTION = YES;
				GCC_WARN_UNUSED_VARIABLE = YES;
				IPHONEOS_DEPLOYMENT_TARGET = 10.3;
				MTL_ENABLE_DEBUG_INFO = NO;
				SDKROOT = iphoneos;
				SWIFT_OPTIMIZATION_LEVEL = "-Owholemodule";
				TARGETED_DEVICE_FAMILY = "1,2";
				VALIDATE_PRODUCT = YES;
			};
			name = Release;
		};
		2A5196E01F439965003E846F /* Debug */ = {
			isa = XCBuildConfiguration;
			buildSettings = {
				ASSETCATALOG_COMPILER_APPICON_NAME = AppIcon;
				FRAMEWORK_SEARCH_PATHS = (
					"$(inherited)",
					"$(PROJECT_DIR)/MapBoxProject",
					"$(PROJECT_DIR)",
				);
				INFOPLIST_FILE = MapBoxProject/Info.plist;
				LD_RUNPATH_SEARCH_PATHS = "$(inherited) @executable_path/Frameworks";
				PRODUCT_BUNDLE_IDENTIFIER = Identifer.MapBoxProject;
				PRODUCT_NAME = "$(TARGET_NAME)";
				SWIFT_VERSION = 3.0;
			};
			name = Debug;
		};
		2A5196E11F439965003E846F /* Release */ = {
			isa = XCBuildConfiguration;
			buildSettings = {
				ASSETCATALOG_COMPILER_APPICON_NAME = AppIcon;
				FRAMEWORK_SEARCH_PATHS = (
					"$(inherited)",
					"$(PROJECT_DIR)/MapBoxProject",
					"$(PROJECT_DIR)",
				);
				INFOPLIST_FILE = MapBoxProject/Info.plist;
				LD_RUNPATH_SEARCH_PATHS = "$(inherited) @executable_path/Frameworks";
				PRODUCT_BUNDLE_IDENTIFIER = Identifer.MapBoxProject;
				PRODUCT_NAME = "$(TARGET_NAME)";
				SWIFT_VERSION = 3.0;
			};
			name = Release;
		};
/* End XCBuildConfiguration section */

/* Begin XCConfigurationList section */
		2A5196C81F439965003E846F /* Build configuration list for PBXProject "MapBoxProject" */ = {
			isa = XCConfigurationList;
			buildConfigurations = (
				2A5196DD1F439965003E846F /* Debug */,
				2A5196DE1F439965003E846F /* Release */,
			);
			defaultConfigurationIsVisible = 0;
			defaultConfigurationName = Release;
		};
		2A5196DF1F439965003E846F /* Build configuration list for PBXNativeTarget "MapBoxProject" */ = {
			isa = XCConfigurationList;
			buildConfigurations = (
				2A5196E01F439965003E846F /* Debug */,
				2A5196E11F439965003E846F /* Release */,
			);
			defaultConfigurationIsVisible = 0;
		};
/* End XCConfigurationList section */
	};
	rootObject = 2A5196C51F439965003E846F /* Project object */;
}
